
Microsoft Visual Studio Solution File, Format Version 12.00
# Visual Studio Version 16
VisualStudioVersion = 16.0.30804.86
MinimumVisualStudioVersion = 10.0.40219.1
Project("{2150E333-8FDC-42A3-9474-1A3956D46DE8}") = "4. Infraestructura", "4. Infraestructura", "{5A47E131-150F-44EC-A346-F1CFE1246A50}"
EndProject
Project("{2150E333-8FDC-42A3-9474-1A3956D46DE8}") = "1. Presetacion", "1. Presetacion", "{68882349-6C7C-4837-AAD3-FFEFF2D2A654}"
EndProject
Project("{2150E333-8FDC-42A3-9474-1A3956D46DE8}") = "1. Negocio", "1. Negocio", "{1C33726C-D788-4D03-896B-6A3CA3092E41}"
EndProject
Project("{2150E333-8FDC-42A3-9474-1A3956D46DE8}") = "2. Dominio", "2. Dominio", "{D069D6C2-82E4-4B8E-91D3-27A01C3C67A2}"
EndProject
Project("{2150E333-8FDC-42A3-9474-1A3956D46DE8}") = "Data", "Data", "{D0FA5BEE-046A-4179-9C8A-6199007FFF2F}"
EndProject
Project("{FAE04EC0-301F-11D3-BF4B-00C04F79EFBC}") = "Framework", "Framework\Framework.csproj", "{6D3BB43B-5823-4EA8-BEF2-829988987167}"
EndProject
Project("{FAE04EC0-301F-11D3-BF4B-00C04F79EFBC}") = "Framework.Test", "Framework.Test\Framework.Test.csproj", "{E21DCCD1-566A-44B8-83A1-6853AC121DCE}"
EndProject
Project("{FAE04EC0-301F-11D3-BF4B-00C04F79EFBC}") = "Negocio.Data", "Negocio.Data\Negocio.Data.csproj", "{7A0DCE7E-2736-471C-A8F3-9E9DCF3D6647}"
EndProject
Project("{FAE04EC0-301F-11D3-BF4B-00C04F79EFBC}") = "Nucleo.Data.EF", "Nucleo.Data\Nucleo.Data.EF.csproj", "{712940C8-6382-4ED9-BD3E-FF2A6CC30D08}"
EndProject
Project("{FAE04EC0-301F-11D3-BF4B-00C04F79EFBC}") = "Infrastructure.DependencyResolution", "Infrastructure.DependencyResolution\Infrastructure.DependencyResolution.csproj", "{47E8AB4C-2F6A-4410-9C90-802ED866193A}"
EndProject
Project("{FAE04EC0-301F-11D3-BF4B-00C04F79EFBC}") = "Infrastructure.Logging.Nlog", "Infrastructure.Logging.Nlog\Infrastructure.Logging.Nlog.csproj", "{ECD39D85-A45E-4F3F-8BF5-51AB8310ECF6}"
EndProject
Project("{FAE04EC0-301F-11D3-BF4B-00C04F79EFBC}") = "Nucleo.Service.Test", "Nucleo.Service.Test\Nucleo.Service.Test.csproj", "{84A4599E-0770-4883-9E01-B6B70058AC69}"
EndProject
Project("{FAE04EC0-301F-11D3-BF4B-00C04F79EFBC}") = "Negocio.Dominio", "Negocio.Dominio\Negocio.Dominio.csproj", "{3EB0020B-1A63-4FBE-B78E-FE6765CCB3C3}"
EndProject
Project("{FAE04EC0-301F-11D3-BF4B-00C04F79EFBC}") = "Negocio.Service", "Negocio.Service\Negocio.Service.csproj", "{124D0ACE-7E32-4961-B553-43101B91A3EF}"
EndProject
Project("{FAE04EC0-301F-11D3-BF4B-00C04F79EFBC}") = "Nucleo.Dominio", "Nucleo.Dominio\Nucleo.Dominio.csproj", "{146C03FA-E60B-467A-A743-599C47AF016B}"
EndProject
Project("{FAE04EC0-301F-11D3-BF4B-00C04F79EFBC}") = "Nucleo.Service", "Nucleo.Service\Nucleo.Service.csproj", "{EEF35A04-9A28-4F84-AD07-615F6741CBD3}"
EndProject
Project("{FAE04EC0-301F-11D3-BF4B-00C04F79EFBC}") = "Nucleo.Presentacion", "Nucleo.Presentacion\Nucleo.Presentacion.csproj", "{9F6C4827-B44F-40C0-A9EC-2BB96F365FAA}"
EndProject
Project("{2150E333-8FDC-42A3-9474-1A3956D46DE8}") = "2. Core", "2. Core", "{6139AAA1-710C-4B25-8E25-A09DAF760B75}"
EndProject
Project("{2150E333-8FDC-42A3-9474-1A3956D46DE8}") = "1. Presentacion", "1. Presentacion", "{9E976ED3-0984-4788-870B-9C615EFBBF5C}"
EndProject
Project("{2150E333-8FDC-42A3-9474-1A3956D46DE8}") = "3. Framework", "3. Framework", "{59DC84DA-25C3-45E9-B270-F4B53F47688D}"
EndProject
Project("{2150E333-8FDC-42A3-9474-1A3956D46DE8}") = "3. Recursos", "3. Recursos", "{0BA71CD3-AB1C-4D04-8002-8AA44632E21E}"
EndProject
Project("{FAE04EC0-301F-11D3-BF4B-00C04F79EFBC}") = "Nucleo.Dominio.Recursos", "Nucleo.Dominio.Recursos\Nucleo.Dominio.Recursos.csproj", "{53B38970-3BFA-47C2-8F3B-F917D57E7A67}"
EndProject
Project("{2150E333-8FDC-42A3-9474-1A3956D46DE8}") = "3. Recursos", "3. Recursos", "{7E3D86F8-2753-45A7-9716-8C7C8505B805}"
EndProject
Project("{FAE04EC0-301F-11D3-BF4B-00C04F79EFBC}") = "Recursos.Web", "Recursos.Web\Recursos.Web.csproj", "{480C6694-424D-4588-A0A5-62E856A87C77}"
EndProject
Project("{2150E333-8FDC-42A3-9474-1A3956D46DE8}") = "2. Dominio", "2. Dominio", "{B6806399-E982-4725-91E7-0873B681BB52}"
EndProject
Project("{FAE04EC0-301F-11D3-BF4B-00C04F79EFBC}") = "Negocio.Api", "Negocio.Api\Negocio.Api.csproj", "{502E0243-090C-42A9-B2D4-4CCC2BCAE8C5}"
EndProject
Global
	GlobalSection(SolutionConfigurationPlatforms) = preSolution
		Debug|Any CPU = Debug|Any CPU
		Debug|Mixed Platforms = Debug|Mixed Platforms
		Debug|x86 = Debug|x86
		DebugLocal|Any CPU = DebugLocal|Any CPU
		DebugLocal|Mixed Platforms = DebugLocal|Mixed Platforms
		DebugLocal|x86 = DebugLocal|x86
		Preproduction|Any CPU = Preproduction|Any CPU
		Preproduction|Mixed Platforms = Preproduction|Mixed Platforms
		Preproduction|x86 = Preproduction|x86
		Release|Any CPU = Release|Any CPU
		Release|Mixed Platforms = Release|Mixed Platforms
		Release|x86 = Release|x86
	EndGlobalSection
	GlobalSection(ProjectConfigurationPlatforms) = postSolution
		{6D3BB43B-5823-4EA8-BEF2-829988987167}.Debug|Any CPU.ActiveCfg = Debug|Any CPU
		{6D3BB43B-5823-4EA8-BEF2-829988987167}.Debug|Any CPU.Build.0 = Debug|Any CPU
		{6D3BB43B-5823-4EA8-BEF2-829988987167}.Debug|Mixed Platforms.ActiveCfg = Debug|Any CPU
		{6D3BB43B-5823-4EA8-BEF2-829988987167}.Debug|Mixed Platforms.Build.0 = Debug|Any CPU
		{6D3BB43B-5823-4EA8-BEF2-829988987167}.Debug|x86.ActiveCfg = Debug|Any CPU
		{6D3BB43B-5823-4EA8-BEF2-829988987167}.Debug|x86.Build.0 = Debug|Any CPU
		{6D3BB43B-5823-4EA8-BEF2-829988987167}.DebugLocal|Any CPU.ActiveCfg = Debug|Any CPU
		{6D3BB43B-5823-4EA8-BEF2-829988987167}.DebugLocal|Any CPU.Build.0 = Debug|Any CPU
		{6D3BB43B-5823-4EA8-BEF2-829988987167}.DebugLocal|Mixed Platforms.ActiveCfg = Debug|Any CPU
		{6D3BB43B-5823-4EA8-BEF2-829988987167}.DebugLocal|Mixed Platforms.Build.0 = Debug|Any CPU
		{6D3BB43B-5823-4EA8-BEF2-829988987167}.DebugLocal|x86.ActiveCfg = Debug|Any CPU
		{6D3BB43B-5823-4EA8-BEF2-829988987167}.DebugLocal|x86.Build.0 = Debug|Any CPU
		{6D3BB43B-5823-4EA8-BEF2-829988987167}.Preproduction|Any CPU.ActiveCfg = Release|Any CPU
		{6D3BB43B-5823-4EA8-BEF2-829988987167}.Preproduction|Any CPU.Build.0 = Release|Any CPU
		{6D3BB43B-5823-4EA8-BEF2-829988987167}.Preproduction|Mixed Platforms.ActiveCfg = Release|Any CPU
		{6D3BB43B-5823-4EA8-BEF2-829988987167}.Preproduction|Mixed Platforms.Build.0 = Release|Any CPU
		{6D3BB43B-5823-4EA8-BEF2-829988987167}.Preproduction|x86.ActiveCfg = Release|Any CPU
		{6D3BB43B-5823-4EA8-BEF2-829988987167}.Preproduction|x86.Build.0 = Release|Any CPU
		{6D3BB43B-5823-4EA8-BEF2-829988987167}.Release|Any CPU.ActiveCfg = Release|Any CPU
		{6D3BB43B-5823-4EA8-BEF2-829988987167}.Release|Any CPU.Build.0 = Release|Any CPU
		{6D3BB43B-5823-4EA8-BEF2-829988987167}.Release|Mixed Platforms.ActiveCfg = Release|Any CPU
		{6D3BB43B-5823-4EA8-BEF2-829988987167}.Release|Mixed Platforms.Build.0 = Release|Any CPU
		{6D3BB43B-5823-4EA8-BEF2-829988987167}.Release|x86.ActiveCfg = Release|Any CPU
		{6D3BB43B-5823-4EA8-BEF2-829988987167}.Release|x86.Build.0 = Release|Any CPU
		{E21DCCD1-566A-44B8-83A1-6853AC121DCE}.Debug|Any CPU.ActiveCfg = Debug|Any CPU
		{E21DCCD1-566A-44B8-83A1-6853AC121DCE}.Debug|Any CPU.Build.0 = Debug|Any CPU
		{E21DCCD1-566A-44B8-83A1-6853AC121DCE}.Debug|Mixed Platforms.ActiveCfg = Debug|Any CPU
		{E21DCCD1-566A-44B8-83A1-6853AC121DCE}.Debug|Mixed Platforms.Build.0 = Debug|Any CPU
		{E21DCCD1-566A-44B8-83A1-6853AC121DCE}.Debug|x86.ActiveCfg = Debug|Any CPU
		{E21DCCD1-566A-44B8-83A1-6853AC121DCE}.Debug|x86.Build.0 = Debug|Any CPU
		{E21DCCD1-566A-44B8-83A1-6853AC121DCE}.DebugLocal|Any CPU.ActiveCfg = Debug|Any CPU
		{E21DCCD1-566A-44B8-83A1-6853AC121DCE}.DebugLocal|Any CPU.Build.0 = Debug|Any CPU
		{E21DCCD1-566A-44B8-83A1-6853AC121DCE}.DebugLocal|Mixed Platforms.ActiveCfg = Debug|Any CPU
		{E21DCCD1-566A-44B8-83A1-6853AC121DCE}.DebugLocal|Mixed Platforms.Build.0 = Debug|Any CPU
		{E21DCCD1-566A-44B8-83A1-6853AC121DCE}.DebugLocal|x86.ActiveCfg = Debug|Any CPU
		{E21DCCD1-566A-44B8-83A1-6853AC121DCE}.DebugLocal|x86.Build.0 = Debug|Any CPU
		{E21DCCD1-566A-44B8-83A1-6853AC121DCE}.Preproduction|Any CPU.ActiveCfg = Release|Any CPU
		{E21DCCD1-566A-44B8-83A1-6853AC121DCE}.Preproduction|Any CPU.Build.0 = Release|Any CPU
		{E21DCCD1-566A-44B8-83A1-6853AC121DCE}.Preproduction|Mixed Platforms.ActiveCfg = Release|Any CPU
		{E21DCCD1-566A-44B8-83A1-6853AC121DCE}.Preproduction|Mixed Platforms.Build.0 = Release|Any CPU
		{E21DCCD1-566A-44B8-83A1-6853AC121DCE}.Preproduction|x86.ActiveCfg = Release|Any CPU
		{E21DCCD1-566A-44B8-83A1-6853AC121DCE}.Preproduction|x86.Build.0 = Release|Any CPU
		{E21DCCD1-566A-44B8-83A1-6853AC121DCE}.Release|Any CPU.ActiveCfg = Release|Any CPU
		{E21DCCD1-566A-44B8-83A1-6853AC121DCE}.Release|Any CPU.Build.0 = Release|Any CPU
		{E21DCCD1-566A-44B8-83A1-6853AC121DCE}.Release|Mixed Platforms.ActiveCfg = Release|Any CPU
		{E21DCCD1-566A-44B8-83A1-6853AC121DCE}.Release|Mixed Platforms.Build.0 = Release|Any CPU
		{E21DCCD1-566A-44B8-83A1-6853AC121DCE}.Release|x86.ActiveCfg = Release|Any CPU
		{E21DCCD1-566A-44B8-83A1-6853AC121DCE}.Release|x86.Build.0 = Release|Any CPU
		{7A0DCE7E-2736-471C-A8F3-9E9DCF3D6647}.Debug|Any CPU.ActiveCfg = Debug|Any CPU
		{7A0DCE7E-2736-471C-A8F3-9E9DCF3D6647}.Debug|Any CPU.Build.0 = Debug|Any CPU
		{7A0DCE7E-2736-471C-A8F3-9E9DCF3D6647}.Debug|Mixed Platforms.ActiveCfg = Debug|Any CPU
		{7A0DCE7E-2736-471C-A8F3-9E9DCF3D6647}.Debug|Mixed Platforms.Build.0 = Debug|Any CPU
		{7A0DCE7E-2736-471C-A8F3-9E9DCF3D6647}.Debug|x86.ActiveCfg = Debug|Any CPU
		{7A0DCE7E-2736-471C-A8F3-9E9DCF3D6647}.Debug|x86.Build.0 = Debug|Any CPU
		{7A0DCE7E-2736-471C-A8F3-9E9DCF3D6647}.DebugLocal|Any CPU.ActiveCfg = Debug|Any CPU
		{7A0DCE7E-2736-471C-A8F3-9E9DCF3D6647}.DebugLocal|Any CPU.Build.0 = Debug|Any CPU
		{7A0DCE7E-2736-471C-A8F3-9E9DCF3D6647}.DebugLocal|Mixed Platforms.ActiveCfg = Debug|Any CPU
		{7A0DCE7E-2736-471C-A8F3-9E9DCF3D6647}.DebugLocal|Mixed Platforms.Build.0 = Debug|Any CPU
		{7A0DCE7E-2736-471C-A8F3-9E9DCF3D6647}.DebugLocal|x86.ActiveCfg = Debug|Any CPU
		{7A0DCE7E-2736-471C-A8F3-9E9DCF3D6647}.DebugLocal|x86.Build.0 = Debug|Any CPU
		{7A0DCE7E-2736-471C-A8F3-9E9DCF3D6647}.Preproduction|Any CPU.ActiveCfg = Release|Any CPU
		{7A0DCE7E-2736-471C-A8F3-9E9DCF3D6647}.Preproduction|Any CPU.Build.0 = Release|Any CPU
		{7A0DCE7E-2736-471C-A8F3-9E9DCF3D6647}.Preproduction|Mixed Platforms.ActiveCfg = Release|Any CPU
		{7A0DCE7E-2736-471C-A8F3-9E9DCF3D6647}.Preproduction|Mixed Platforms.Build.0 = Release|Any CPU
		{7A0DCE7E-2736-471C-A8F3-9E9DCF3D6647}.Preproduction|x86.ActiveCfg = Release|Any CPU
		{7A0DCE7E-2736-471C-A8F3-9E9DCF3D6647}.Preproduction|x86.Build.0 = Release|Any CPU
		{7A0DCE7E-2736-471C-A8F3-9E9DCF3D6647}.Release|Any CPU.ActiveCfg = Release|Any CPU
		{7A0DCE7E-2736-471C-A8F3-9E9DCF3D6647}.Release|Any CPU.Build.0 = Release|Any CPU
		{7A0DCE7E-2736-471C-A8F3-9E9DCF3D6647}.Release|Mixed Platforms.ActiveCfg = Release|Any CPU
		{7A0DCE7E-2736-471C-A8F3-9E9DCF3D6647}.Release|Mixed Platforms.Build.0 = Release|Any CPU
		{7A0DCE7E-2736-471C-A8F3-9E9DCF3D6647}.Release|x86.ActiveCfg = Release|Any CPU
		{7A0DCE7E-2736-471C-A8F3-9E9DCF3D6647}.Release|x86.Build.0 = Release|Any CPU
		{712940C8-6382-4ED9-BD3E-FF2A6CC30D08}.Debug|Any CPU.ActiveCfg = Debug|Any CPU
		{712940C8-6382-4ED9-BD3E-FF2A6CC30D08}.Debug|Any CPU.Build.0 = Debug|Any CPU
		{712940C8-6382-4ED9-BD3E-FF2A6CC30D08}.Debug|Mixed Platforms.ActiveCfg = Debug|Any CPU
		{712940C8-6382-4ED9-BD3E-FF2A6CC30D08}.Debug|Mixed Platforms.Build.0 = Debug|Any CPU
		{712940C8-6382-4ED9-BD3E-FF2A6CC30D08}.Debug|x86.ActiveCfg = Debug|Any CPU
		{712940C8-6382-4ED9-BD3E-FF2A6CC30D08}.Debug|x86.Build.0 = Debug|Any CPU
		{712940C8-6382-4ED9-BD3E-FF2A6CC30D08}.DebugLocal|Any CPU.ActiveCfg = Debug|Any CPU
		{712940C8-6382-4ED9-BD3E-FF2A6CC30D08}.DebugLocal|Any CPU.Build.0 = Debug|Any CPU
		{712940C8-6382-4ED9-BD3E-FF2A6CC30D08}.DebugLocal|Mixed Platforms.ActiveCfg = Debug|Any CPU
		{712940C8-6382-4ED9-BD3E-FF2A6CC30D08}.DebugLocal|Mixed Platforms.Build.0 = Debug|Any CPU
		{712940C8-6382-4ED9-BD3E-FF2A6CC30D08}.DebugLocal|x86.ActiveCfg = Debug|Any CPU
		{712940C8-6382-4ED9-BD3E-FF2A6CC30D08}.DebugLocal|x86.Build.0 = Debug|Any CPU
		{712940C8-6382-4ED9-BD3E-FF2A6CC30D08}.Preproduction|Any CPU.ActiveCfg = Release|Any CPU
		{712940C8-6382-4ED9-BD3E-FF2A6CC30D08}.Preproduction|Any CPU.Build.0 = Release|Any CPU
		{712940C8-6382-4ED9-BD3E-FF2A6CC30D08}.Preproduction|Mixed Platforms.ActiveCfg = Release|Any CPU
		{712940C8-6382-4ED9-BD3E-FF2A6CC30D08}.Preproduction|Mixed Platforms.Build.0 = Release|Any CPU
		{712940C8-6382-4ED9-BD3E-FF2A6CC30D08}.Preproduction|x86.ActiveCfg = Release|Any CPU
		{712940C8-6382-4ED9-BD3E-FF2A6CC30D08}.Preproduction|x86.Build.0 = Release|Any CPU
		{712940C8-6382-4ED9-BD3E-FF2A6CC30D08}.Release|Any CPU.ActiveCfg = Release|Any CPU
		{712940C8-6382-4ED9-BD3E-FF2A6CC30D08}.Release|Any CPU.Build.0 = Release|Any CPU
		{712940C8-6382-4ED9-BD3E-FF2A6CC30D08}.Release|Mixed Platforms.ActiveCfg = Release|Any CPU
		{712940C8-6382-4ED9-BD3E-FF2A6CC30D08}.Release|Mixed Platforms.Build.0 = Release|Any CPU
		{712940C8-6382-4ED9-BD3E-FF2A6CC30D08}.Release|x86.ActiveCfg = Release|Any CPU
		{712940C8-6382-4ED9-BD3E-FF2A6CC30D08}.Release|x86.Build.0 = Release|Any CPU
		{47E8AB4C-2F6A-4410-9C90-802ED866193A}.Debug|Any CPU.ActiveCfg = Debug|Any CPU
		{47E8AB4C-2F6A-4410-9C90-802ED866193A}.Debug|Any CPU.Build.0 = Debug|Any CPU
		{47E8AB4C-2F6A-4410-9C90-802ED866193A}.Debug|Mixed Platforms.ActiveCfg = Debug|Any CPU
		{47E8AB4C-2F6A-4410-9C90-802ED866193A}.Debug|Mixed Platforms.Build.0 = Debug|Any CPU
		{47E8AB4C-2F6A-4410-9C90-802ED866193A}.Debug|x86.ActiveCfg = Debug|Any CPU
		{47E8AB4C-2F6A-4410-9C90-802ED866193A}.Debug|x86.Build.0 = Debug|Any CPU
		{47E8AB4C-2F6A-4410-9C90-802ED866193A}.DebugLocal|Any CPU.ActiveCfg = Debug|Any CPU
		{47E8AB4C-2F6A-4410-9C90-802ED866193A}.DebugLocal|Any CPU.Build.0 = Debug|Any CPU
		{47E8AB4C-2F6A-4410-9C90-802ED866193A}.DebugLocal|Mixed Platforms.ActiveCfg = Debug|Any CPU
		{47E8AB4C-2F6A-4410-9C90-802ED866193A}.DebugLocal|Mixed Platforms.Build.0 = Debug|Any CPU
		{47E8AB4C-2F6A-4410-9C90-802ED866193A}.DebugLocal|x86.ActiveCfg = Debug|Any CPU
		{47E8AB4C-2F6A-4410-9C90-802ED866193A}.DebugLocal|x86.Build.0 = Debug|Any CPU
		{47E8AB4C-2F6A-4410-9C90-802ED866193A}.Preproduction|Any CPU.ActiveCfg = Release|Any CPU
		{47E8AB4C-2F6A-4410-9C90-802ED866193A}.Preproduction|Any CPU.Build.0 = Release|Any CPU
		{47E8AB4C-2F6A-4410-9C90-802ED866193A}.Preproduction|Mixed Platforms.ActiveCfg = Release|Any CPU
		{47E8AB4C-2F6A-4410-9C90-802ED866193A}.Preproduction|Mixed Platforms.Build.0 = Release|Any CPU
		{47E8AB4C-2F6A-4410-9C90-802ED866193A}.Preproduction|x86.ActiveCfg = Release|Any CPU
		{47E8AB4C-2F6A-4410-9C90-802ED866193A}.Preproduction|x86.Build.0 = Release|Any CPU
		{47E8AB4C-2F6A-4410-9C90-802ED866193A}.Release|Any CPU.ActiveCfg = Release|Any CPU
		{47E8AB4C-2F6A-4410-9C90-802ED866193A}.Release|Any CPU.Build.0 = Release|Any CPU
		{47E8AB4C-2F6A-4410-9C90-802ED866193A}.Release|Mixed Platforms.ActiveCfg = Release|Any CPU
		{47E8AB4C-2F6A-4410-9C90-802ED866193A}.Release|Mixed Platforms.Build.0 = Release|Any CPU
		{47E8AB4C-2F6A-4410-9C90-802ED866193A}.Release|x86.ActiveCfg = Release|Any CPU
		{47E8AB4C-2F6A-4410-9C90-802ED866193A}.Release|x86.Build.0 = Release|Any CPU
		{ECD39D85-A45E-4F3F-8BF5-51AB8310ECF6}.Debug|Any CPU.ActiveCfg = Debug|Any CPU
		{ECD39D85-A45E-4F3F-8BF5-51AB8310ECF6}.Debug|Any CPU.Build.0 = Debug|Any CPU
		{ECD39D85-A45E-4F3F-8BF5-51AB8310ECF6}.Debug|Mixed Platforms.ActiveCfg = Debug|Any CPU
		{ECD39D85-A45E-4F3F-8BF5-51AB8310ECF6}.Debug|Mixed Platforms.Build.0 = Debug|Any CPU
		{ECD39D85-A45E-4F3F-8BF5-51AB8310ECF6}.Debug|x86.ActiveCfg = Debug|Any CPU
		{ECD39D85-A45E-4F3F-8BF5-51AB8310ECF6}.Debug|x86.Build.0 = Debug|Any CPU
		{ECD39D85-A45E-4F3F-8BF5-51AB8310ECF6}.DebugLocal|Any CPU.ActiveCfg = Debug|Any CPU
		{ECD39D85-A45E-4F3F-8BF5-51AB8310ECF6}.DebugLocal|Any CPU.Build.0 = Debug|Any CPU
		{ECD39D85-A45E-4F3F-8BF5-51AB8310ECF6}.DebugLocal|Mixed Platforms.ActiveCfg = Debug|Any CPU
		{ECD39D85-A45E-4F3F-8BF5-51AB8310ECF6}.DebugLocal|Mixed Platforms.Build.0 = Debug|Any CPU
		{ECD39D85-A45E-4F3F-8BF5-51AB8310ECF6}.DebugLocal|x86.ActiveCfg = Debug|Any CPU
		{ECD39D85-A45E-4F3F-8BF5-51AB8310ECF6}.DebugLocal|x86.Build.0 = Debug|Any CPU
		{ECD39D85-A45E-4F3F-8BF5-51AB8310ECF6}.Preproduction|Any CPU.ActiveCfg = Release|Any CPU
		{ECD39D85-A45E-4F3F-8BF5-51AB8310ECF6}.Preproduction|Any CPU.Build.0 = Release|Any CPU
		{ECD39D85-A45E-4F3F-8BF5-51AB8310ECF6}.Preproduction|Mixed Platforms.ActiveCfg = Release|Any CPU
		{ECD39D85-A45E-4F3F-8BF5-51AB8310ECF6}.Preproduction|Mixed Platforms.Build.0 = Release|Any CPU
		{ECD39D85-A45E-4F3F-8BF5-51AB8310ECF6}.Preproduction|x86.ActiveCfg = Release|Any CPU
		{ECD39D85-A45E-4F3F-8BF5-51AB8310ECF6}.Preproduction|x86.Build.0 = Release|Any CPU
		{ECD39D85-A45E-4F3F-8BF5-51AB8310ECF6}.Release|Any CPU.ActiveCfg = Release|Any CPU
		{ECD39D85-A45E-4F3F-8BF5-51AB8310ECF6}.Release|Any CPU.Build.0 = Release|Any CPU
		{ECD39D85-A45E-4F3F-8BF5-51AB8310ECF6}.Release|Mixed Platforms.ActiveCfg = Release|Any CPU
		{ECD39D85-A45E-4F3F-8BF5-51AB8310ECF6}.Release|Mixed Platforms.Build.0 = Release|Any CPU
		{ECD39D85-A45E-4F3F-8BF5-51AB8310ECF6}.Release|x86.ActiveCfg = Release|Any CPU
		{ECD39D85-A45E-4F3F-8BF5-51AB8310ECF6}.Release|x86.Build.0 = Release|Any CPU
		{84A4599E-0770-4883-9E01-B6B70058AC69}.Debug|Any CPU.ActiveCfg = Debug|Any CPU
		{84A4599E-0770-4883-9E01-B6B70058AC69}.Debug|Any CPU.Build.0 = Debug|Any CPU
		{84A4599E-0770-4883-9E01-B6B70058AC69}.Debug|Mixed Platforms.ActiveCfg = Debug|Any CPU
		{84A4599E-0770-4883-9E01-B6B70058AC69}.Debug|Mixed Platforms.Build.0 = Debug|Any CPU
		{84A4599E-0770-4883-9E01-B6B70058AC69}.Debug|x86.ActiveCfg = Debug|Any CPU
		{84A4599E-0770-4883-9E01-B6B70058AC69}.Debug|x86.Build.0 = Debug|Any CPU
		{84A4599E-0770-4883-9E01-B6B70058AC69}.DebugLocal|Any CPU.ActiveCfg = Debug|Any CPU
		{84A4599E-0770-4883-9E01-B6B70058AC69}.DebugLocal|Any CPU.Build.0 = Debug|Any CPU
		{84A4599E-0770-4883-9E01-B6B70058AC69}.DebugLocal|Mixed Platforms.ActiveCfg = Debug|Any CPU
		{84A4599E-0770-4883-9E01-B6B70058AC69}.DebugLocal|Mixed Platforms.Build.0 = Debug|Any CPU
		{84A4599E-0770-4883-9E01-B6B70058AC69}.DebugLocal|x86.ActiveCfg = Debug|Any CPU
		{84A4599E-0770-4883-9E01-B6B70058AC69}.DebugLocal|x86.Build.0 = Debug|Any CPU
		{84A4599E-0770-4883-9E01-B6B70058AC69}.Preproduction|Any CPU.ActiveCfg = Release|Any CPU
		{84A4599E-0770-4883-9E01-B6B70058AC69}.Preproduction|Any CPU.Build.0 = Release|Any CPU
		{84A4599E-0770-4883-9E01-B6B70058AC69}.Preproduction|Mixed Platforms.ActiveCfg = Release|Any CPU
		{84A4599E-0770-4883-9E01-B6B70058AC69}.Preproduction|Mixed Platforms.Build.0 = Release|Any CPU
		{84A4599E-0770-4883-9E01-B6B70058AC69}.Preproduction|x86.ActiveCfg = Release|Any CPU
		{84A4599E-0770-4883-9E01-B6B70058AC69}.Preproduction|x86.Build.0 = Release|Any CPU
		{84A4599E-0770-4883-9E01-B6B70058AC69}.Release|Any CPU.ActiveCfg = Release|Any CPU
		{84A4599E-0770-4883-9E01-B6B70058AC69}.Release|Any CPU.Build.0 = Release|Any CPU
		{84A4599E-0770-4883-9E01-B6B70058AC69}.Release|Mixed Platforms.ActiveCfg = Release|Any CPU
		{84A4599E-0770-4883-9E01-B6B70058AC69}.Release|Mixed Platforms.Build.0 = Release|Any CPU
		{84A4599E-0770-4883-9E01-B6B70058AC69}.Release|x86.ActiveCfg = Release|Any CPU
		{84A4599E-0770-4883-9E01-B6B70058AC69}.Release|x86.Build.0 = Release|Any CPU
		{3EB0020B-1A63-4FBE-B78E-FE6765CCB3C3}.Debug|Any CPU.ActiveCfg = Debug|Any CPU
		{3EB0020B-1A63-4FBE-B78E-FE6765CCB3C3}.Debug|Any CPU.Build.0 = Debug|Any CPU
		{3EB0020B-1A63-4FBE-B78E-FE6765CCB3C3}.Debug|Mixed Platforms.ActiveCfg = Debug|Any CPU
		{3EB0020B-1A63-4FBE-B78E-FE6765CCB3C3}.Debug|Mixed Platforms.Build.0 = Debug|Any CPU
		{3EB0020B-1A63-4FBE-B78E-FE6765CCB3C3}.Debug|x86.ActiveCfg = Debug|Any CPU
		{3EB0020B-1A63-4FBE-B78E-FE6765CCB3C3}.Debug|x86.Build.0 = Debug|Any CPU
		{3EB0020B-1A63-4FBE-B78E-FE6765CCB3C3}.DebugLocal|Any CPU.ActiveCfg = Debug|Any CPU
		{3EB0020B-1A63-4FBE-B78E-FE6765CCB3C3}.DebugLocal|Any CPU.Build.0 = Debug|Any CPU
		{3EB0020B-1A63-4FBE-B78E-FE6765CCB3C3}.DebugLocal|Mixed Platforms.ActiveCfg = Debug|Any CPU
		{3EB0020B-1A63-4FBE-B78E-FE6765CCB3C3}.DebugLocal|Mixed Platforms.Build.0 = Debug|Any CPU
		{3EB0020B-1A63-4FBE-B78E-FE6765CCB3C3}.DebugLocal|x86.ActiveCfg = Debug|Any CPU
		{3EB0020B-1A63-4FBE-B78E-FE6765CCB3C3}.DebugLocal|x86.Build.0 = Debug|Any CPU
		{3EB0020B-1A63-4FBE-B78E-FE6765CCB3C3}.Preproduction|Any CPU.ActiveCfg = Release|Any CPU
		{3EB0020B-1A63-4FBE-B78E-FE6765CCB3C3}.Preproduction|Any CPU.Build.0 = Release|Any CPU
		{3EB0020B-1A63-4FBE-B78E-FE6765CCB3C3}.Preproduction|Mixed Platforms.ActiveCfg = Release|Any CPU
		{3EB0020B-1A63-4FBE-B78E-FE6765CCB3C3}.Preproduction|Mixed Platforms.Build.0 = Release|Any CPU
		{3EB0020B-1A63-4FBE-B78E-FE6765CCB3C3}.Preproduction|x86.ActiveCfg = Release|Any CPU
		{3EB0020B-1A63-4FBE-B78E-FE6765CCB3C3}.Preproduction|x86.Build.0 = Release|Any CPU
		{3EB0020B-1A63-4FBE-B78E-FE6765CCB3C3}.Release|Any CPU.ActiveCfg = Release|Any CPU
		{3EB0020B-1A63-4FBE-B78E-FE6765CCB3C3}.Release|Any CPU.Build.0 = Release|Any CPU
		{3EB0020B-1A63-4FBE-B78E-FE6765CCB3C3}.Release|Mixed Platforms.ActiveCfg = Release|Any CPU
		{3EB0020B-1A63-4FBE-B78E-FE6765CCB3C3}.Release|Mixed Platforms.Build.0 = Release|Any CPU
		{3EB0020B-1A63-4FBE-B78E-FE6765CCB3C3}.Release|x86.ActiveCfg = Release|Any CPU
		{3EB0020B-1A63-4FBE-B78E-FE6765CCB3C3}.Release|x86.Build.0 = Release|Any CPU
		{124D0ACE-7E32-4961-B553-43101B91A3EF}.Debug|Any CPU.ActiveCfg = Debug|Any CPU
		{124D0ACE-7E32-4961-B553-43101B91A3EF}.Debug|Any CPU.Build.0 = Debug|Any CPU
		{124D0ACE-7E32-4961-B553-43101B91A3EF}.Debug|Mixed Platforms.ActiveCfg = Debug|Any CPU
		{124D0ACE-7E32-4961-B553-43101B91A3EF}.Debug|Mixed Platforms.Build.0 = Debug|Any CPU
		{124D0ACE-7E32-4961-B553-43101B91A3EF}.Debug|x86.ActiveCfg = Debug|Any CPU
		{124D0ACE-7E32-4961-B553-43101B91A3EF}.Debug|x86.Build.0 = Debug|Any CPU
		{124D0ACE-7E32-4961-B553-43101B91A3EF}.DebugLocal|Any CPU.ActiveCfg = Debug|Any CPU
		{124D0ACE-7E32-4961-B553-43101B91A3EF}.DebugLocal|Any CPU.Build.0 = Debug|Any CPU
		{124D0ACE-7E32-4961-B553-43101B91A3EF}.DebugLocal|Mixed Platforms.ActiveCfg = Debug|Any CPU
		{124D0ACE-7E32-4961-B553-43101B91A3EF}.DebugLocal|Mixed Platforms.Build.0 = Debug|Any CPU
		{124D0ACE-7E32-4961-B553-43101B91A3EF}.DebugLocal|x86.ActiveCfg = Debug|Any CPU
		{124D0ACE-7E32-4961-B553-43101B91A3EF}.DebugLocal|x86.Build.0 = Debug|Any CPU
		{124D0ACE-7E32-4961-B553-43101B91A3EF}.Preproduction|Any CPU.ActiveCfg = Release|Any CPU
		{124D0ACE-7E32-4961-B553-43101B91A3EF}.Preproduction|Any CPU.Build.0 = Release|Any CPU
		{124D0ACE-7E32-4961-B553-43101B91A3EF}.Preproduction|Mixed Platforms.ActiveCfg = Release|Any CPU
		{124D0ACE-7E32-4961-B553-43101B91A3EF}.Preproduction|Mixed Platforms.Build.0 = Release|Any CPU
		{124D0ACE-7E32-4961-B553-43101B91A3EF}.Preproduction|x86.ActiveCfg = Release|Any CPU
		{124D0ACE-7E32-4961-B553-43101B91A3EF}.Preproduction|x86.Build.0 = Release|Any CPU
		{124D0ACE-7E32-4961-B553-43101B91A3EF}.Release|Any CPU.ActiveCfg = Release|Any CPU
		{124D0ACE-7E32-4961-B553-43101B91A3EF}.Release|Any CPU.Build.0 = Release|Any CPU
		{124D0ACE-7E32-4961-B553-43101B91A3EF}.Release|Mixed Platforms.ActiveCfg = Release|Any CPU
		{124D0ACE-7E32-4961-B553-43101B91A3EF}.Release|Mixed Platforms.Build.0 = Release|Any CPU
		{124D0ACE-7E32-4961-B553-43101B91A3EF}.Release|x86.ActiveCfg = Release|Any CPU
		{124D0ACE-7E32-4961-B553-43101B91A3EF}.Release|x86.Build.0 = Release|Any CPU
		{146C03FA-E60B-467A-A743-599C47AF016B}.Debug|Any CPU.ActiveCfg = Debug|Any CPU
		{146C03FA-E60B-467A-A743-599C47AF016B}.Debug|Any CPU.Build.0 = Debug|Any CPU
		{146C03FA-E60B-467A-A743-599C47AF016B}.Debug|Mixed Platforms.ActiveCfg = Debug|Any CPU
		{146C03FA-E60B-467A-A743-599C47AF016B}.Debug|Mixed Platforms.Build.0 = Debug|Any CPU
		{146C03FA-E60B-467A-A743-599C47AF016B}.Debug|x86.ActiveCfg = Debug|Any CPU
		{146C03FA-E60B-467A-A743-599C47AF016B}.Debug|x86.Build.0 = Debug|Any CPU
		{146C03FA-E60B-467A-A743-599C47AF016B}.DebugLocal|Any CPU.ActiveCfg = Debug|Any CPU
		{146C03FA-E60B-467A-A743-599C47AF016B}.DebugLocal|Any CPU.Build.0 = Debug|Any CPU
		{146C03FA-E60B-467A-A743-599C47AF016B}.DebugLocal|Mixed Platforms.ActiveCfg = Debug|Any CPU
		{146C03FA-E60B-467A-A743-599C47AF016B}.DebugLocal|Mixed Platforms.Build.0 = Debug|Any CPU
		{146C03FA-E60B-467A-A743-599C47AF016B}.DebugLocal|x86.ActiveCfg = Debug|Any CPU
		{146C03FA-E60B-467A-A743-599C47AF016B}.DebugLocal|x86.Build.0 = Debug|Any CPU
		{146C03FA-E60B-467A-A743-599C47AF016B}.Preproduction|Any CPU.ActiveCfg = Release|Any CPU
		{146C03FA-E60B-467A-A743-599C47AF016B}.Preproduction|Any CPU.Build.0 = Release|Any CPU
		{146C03FA-E60B-467A-A743-599C47AF016B}.Preproduction|Mixed Platforms.ActiveCfg = Release|Any CPU
		{146C03FA-E60B-467A-A743-599C47AF016B}.Preproduction|Mixed Platforms.Build.0 = Release|Any CPU
		{146C03FA-E60B-467A-A743-599C47AF016B}.Preproduction|x86.ActiveCfg = Release|Any CPU
		{146C03FA-E60B-467A-A743-599C47AF016B}.Preproduction|x86.Build.0 = Release|Any CPU
		{146C03FA-E60B-467A-A743-599C47AF016B}.Release|Any CPU.ActiveCfg = Release|Any CPU
		{146C03FA-E60B-467A-A743-599C47AF016B}.Release|Any CPU.Build.0 = Release|Any CPU
		{146C03FA-E60B-467A-A743-599C47AF016B}.Release|Mixed Platforms.ActiveCfg = Release|Any CPU
		{146C03FA-E60B-467A-A743-599C47AF016B}.Release|Mixed Platforms.Build.0 = Release|Any CPU
		{146C03FA-E60B-467A-A743-599C47AF016B}.Release|x86.ActiveCfg = Release|Any CPU
		{146C03FA-E60B-467A-A743-599C47AF016B}.Release|x86.Build.0 = Release|Any CPU
		{EEF35A04-9A28-4F84-AD07-615F6741CBD3}.Debug|Any CPU.ActiveCfg = Debug|Any CPU
		{EEF35A04-9A28-4F84-AD07-615F6741CBD3}.Debug|Any CPU.Build.0 = Debug|Any CPU
		{EEF35A04-9A28-4F84-AD07-615F6741CBD3}.Debug|Mixed Platforms.ActiveCfg = Debug|Any CPU
		{EEF35A04-9A28-4F84-AD07-615F6741CBD3}.Debug|Mixed Platforms.Build.0 = Debug|Any CPU
		{EEF35A04-9A28-4F84-AD07-615F6741CBD3}.Debug|x86.ActiveCfg = Debug|Any CPU
		{EEF35A04-9A28-4F84-AD07-615F6741CBD3}.Debug|x86.Build.0 = Debug|Any CPU
		{EEF35A04-9A28-4F84-AD07-615F6741CBD3}.DebugLocal|Any CPU.ActiveCfg = Debug|Any CPU
		{EEF35A04-9A28-4F84-AD07-615F6741CBD3}.DebugLocal|Any CPU.Build.0 = Debug|Any CPU
		{EEF35A04-9A28-4F84-AD07-615F6741CBD3}.DebugLocal|Mixed Platforms.ActiveCfg = Debug|Any CPU
		{EEF35A04-9A28-4F84-AD07-615F6741CBD3}.DebugLocal|Mixed Platforms.Build.0 = Debug|Any CPU
		{EEF35A04-9A28-4F84-AD07-615F6741CBD3}.DebugLocal|x86.ActiveCfg = Debug|Any CPU
		{EEF35A04-9A28-4F84-AD07-615F6741CBD3}.DebugLocal|x86.Build.0 = Debug|Any CPU
		{EEF35A04-9A28-4F84-AD07-615F6741CBD3}.Preproduction|Any CPU.ActiveCfg = Release|Any CPU
		{EEF35A04-9A28-4F84-AD07-615F6741CBD3}.Preproduction|Any CPU.Build.0 = Release|Any CPU
		{EEF35A04-9A28-4F84-AD07-615F6741CBD3}.Preproduction|Mixed Platforms.ActiveCfg = Release|Any CPU
		{EEF35A04-9A28-4F84-AD07-615F6741CBD3}.Preproduction|Mixed Platforms.Build.0 = Release|Any CPU
		{EEF35A04-9A28-4F84-AD07-615F6741CBD3}.Preproduction|x86.ActiveCfg = Release|Any CPU
		{EEF35A04-9A28-4F84-AD07-615F6741CBD3}.Preproduction|x86.Build.0 = Release|Any CPU
		{EEF35A04-9A28-4F84-AD07-615F6741CBD3}.Release|Any CPU.ActiveCfg = Release|Any CPU
		{EEF35A04-9A28-4F84-AD07-615F6741CBD3}.Release|Any CPU.Build.0 = Release|Any CPU
		{EEF35A04-9A28-4F84-AD07-615F6741CBD3}.Release|Mixed Platforms.ActiveCfg = Release|Any CPU
		{EEF35A04-9A28-4F84-AD07-615F6741CBD3}.Release|Mixed Platforms.Build.0 = Release|Any CPU
		{EEF35A04-9A28-4F84-AD07-615F6741CBD3}.Release|x86.ActiveCfg = Release|Any CPU
		{EEF35A04-9A28-4F84-AD07-615F6741CBD3}.Release|x86.Build.0 = Release|Any CPU
		{9F6C4827-B44F-40C0-A9EC-2BB96F365FAA}.Debug|Any CPU.ActiveCfg = Debug|Any CPU
		{9F6C4827-B44F-40C0-A9EC-2BB96F365FAA}.Debug|Any CPU.Build.0 = Debug|Any CPU
		{9F6C4827-B44F-40C0-A9EC-2BB96F365FAA}.Debug|Mixed Platforms.ActiveCfg = Debug|Any CPU
		{9F6C4827-B44F-40C0-A9EC-2BB96F365FAA}.Debug|Mixed Platforms.Build.0 = Debug|Any CPU
		{9F6C4827-B44F-40C0-A9EC-2BB96F365FAA}.Debug|x86.ActiveCfg = Debug|Any CPU
		{9F6C4827-B44F-40C0-A9EC-2BB96F365FAA}.Debug|x86.Build.0 = Debug|Any CPU
		{9F6C4827-B44F-40C0-A9EC-2BB96F365FAA}.DebugLocal|Any CPU.ActiveCfg = Debug|Any CPU
		{9F6C4827-B44F-40C0-A9EC-2BB96F365FAA}.DebugLocal|Any CPU.Build.0 = Debug|Any CPU
		{9F6C4827-B44F-40C0-A9EC-2BB96F365FAA}.DebugLocal|Mixed Platforms.ActiveCfg = Debug|Any CPU
		{9F6C4827-B44F-40C0-A9EC-2BB96F365FAA}.DebugLocal|Mixed Platforms.Build.0 = Debug|Any CPU
		{9F6C4827-B44F-40C0-A9EC-2BB96F365FAA}.DebugLocal|x86.ActiveCfg = Debug|Any CPU
		{9F6C4827-B44F-40C0-A9EC-2BB96F365FAA}.DebugLocal|x86.Build.0 = Debug|Any CPU
		{9F6C4827-B44F-40C0-A9EC-2BB96F365FAA}.Preproduction|Any CPU.ActiveCfg = Release|Any CPU
		{9F6C4827-B44F-40C0-A9EC-2BB96F365FAA}.Preproduction|Any CPU.Build.0 = Release|Any CPU
		{9F6C4827-B44F-40C0-A9EC-2BB96F365FAA}.Preproduction|Mixed Platforms.ActiveCfg = Release|Any CPU
		{9F6C4827-B44F-40C0-A9EC-2BB96F365FAA}.Preproduction|Mixed Platforms.Build.0 = Release|Any CPU
		{9F6C4827-B44F-40C0-A9EC-2BB96F365FAA}.Preproduction|x86.ActiveCfg = Release|Any CPU
		{9F6C4827-B44F-40C0-A9EC-2BB96F365FAA}.Preproduction|x86.Build.0 = Release|Any CPU
		{9F6C4827-B44F-40C0-A9EC-2BB96F365FAA}.Release|Any CPU.ActiveCfg = Release|Any CPU
		{9F6C4827-B44F-40C0-A9EC-2BB96F365FAA}.Release|Any CPU.Build.0 = Release|Any CPU
		{9F6C4827-B44F-40C0-A9EC-2BB96F365FAA}.Release|Mixed Platforms.ActiveCfg = Release|Any CPU
		{9F6C4827-B44F-40C0-A9EC-2BB96F365FAA}.Release|Mixed Platforms.Build.0 = Release|Any CPU
		{9F6C4827-B44F-40C0-A9EC-2BB96F365FAA}.Release|x86.ActiveCfg = Release|Any CPU
		{9F6C4827-B44F-40C0-A9EC-2BB96F365FAA}.Release|x86.Build.0 = Release|Any CPU
		{53B38970-3BFA-47C2-8F3B-F917D57E7A67}.Debug|Any CPU.ActiveCfg = Debug|Any CPU
		{53B38970-3BFA-47C2-8F3B-F917D57E7A67}.Debug|Any CPU.Build.0 = Debug|Any CPU
		{53B38970-3BFA-47C2-8F3B-F917D57E7A67}.Debug|Mixed Platforms.ActiveCfg = Debug|Any CPU
		{53B38970-3BFA-47C2-8F3B-F917D57E7A67}.Debug|Mixed Platforms.Build.0 = Debug|Any CPU
		{53B38970-3BFA-47C2-8F3B-F917D57E7A67}.Debug|x86.ActiveCfg = Debug|Any CPU
		{53B38970-3BFA-47C2-8F3B-F917D57E7A67}.Debug|x86.Build.0 = Debug|Any CPU
		{53B38970-3BFA-47C2-8F3B-F917D57E7A67}.DebugLocal|Any CPU.ActiveCfg = Debug|Any CPU
		{53B38970-3BFA-47C2-8F3B-F917D57E7A67}.DebugLocal|Any CPU.Build.0 = Debug|Any CPU
		{53B38970-3BFA-47C2-8F3B-F917D57E7A67}.DebugLocal|Mixed Platforms.ActiveCfg = Debug|Any CPU
		{53B38970-3BFA-47C2-8F3B-F917D57E7A67}.DebugLocal|Mixed Platforms.Build.0 = Debug|Any CPU
		{53B38970-3BFA-47C2-8F3B-F917D57E7A67}.DebugLocal|x86.ActiveCfg = Debug|Any CPU
		{53B38970-3BFA-47C2-8F3B-F917D57E7A67}.DebugLocal|x86.Build.0 = Debug|Any CPU
		{53B38970-3BFA-47C2-8F3B-F917D57E7A67}.Preproduction|Any CPU.ActiveCfg = Debug|Any CPU
		{53B38970-3BFA-47C2-8F3B-F917D57E7A67}.Preproduction|Any CPU.Build.0 = Debug|Any CPU
		{53B38970-3BFA-47C2-8F3B-F917D57E7A67}.Preproduction|Mixed Platforms.ActiveCfg = Debug|Any CPU
		{53B38970-3BFA-47C2-8F3B-F917D57E7A67}.Preproduction|Mixed Platforms.Build.0 = Debug|Any CPU
		{53B38970-3BFA-47C2-8F3B-F917D57E7A67}.Preproduction|x86.ActiveCfg = Debug|Any CPU
		{53B38970-3BFA-47C2-8F3B-F917D57E7A67}.Preproduction|x86.Build.0 = Debug|Any CPU
		{53B38970-3BFA-47C2-8F3B-F917D57E7A67}.Release|Any CPU.ActiveCfg = Release|Any CPU
		{53B38970-3BFA-47C2-8F3B-F917D57E7A67}.Release|Any CPU.Build.0 = Release|Any CPU
		{53B38970-3BFA-47C2-8F3B-F917D57E7A67}.Release|Mixed Platforms.ActiveCfg = Release|Any CPU
		{53B38970-3BFA-47C2-8F3B-F917D57E7A67}.Release|Mixed Platforms.Build.0 = Release|Any CPU
		{53B38970-3BFA-47C2-8F3B-F917D57E7A67}.Release|x86.ActiveCfg = Release|Any CPU
		{53B38970-3BFA-47C2-8F3B-F917D57E7A67}.Release|x86.Build.0 = Release|Any CPU
		{480C6694-424D-4588-A0A5-62E856A87C77}.Debug|Any CPU.ActiveCfg = Debug|Any CPU
		{480C6694-424D-4588-A0A5-62E856A87C77}.Debug|Any CPU.Build.0 = Debug|Any CPU
		{480C6694-424D-4588-A0A5-62E856A87C77}.Debug|Mixed Platforms.ActiveCfg = Debug|Any CPU
		{480C6694-424D-4588-A0A5-62E856A87C77}.Debug|Mixed Platforms.Build.0 = Debug|Any CPU
		{480C6694-424D-4588-A0A5-62E856A87C77}.Debug|x86.ActiveCfg = Debug|Any CPU
		{480C6694-424D-4588-A0A5-62E856A87C77}.Debug|x86.Build.0 = Debug|Any CPU
		{480C6694-424D-4588-A0A5-62E856A87C77}.DebugLocal|Any CPU.ActiveCfg = Debug|Any CPU
		{480C6694-424D-4588-A0A5-62E856A87C77}.DebugLocal|Any CPU.Build.0 = Debug|Any CPU
		{480C6694-424D-4588-A0A5-62E856A87C77}.DebugLocal|Mixed Platforms.ActiveCfg = Debug|Any CPU
		{480C6694-424D-4588-A0A5-62E856A87C77}.DebugLocal|Mixed Platforms.Build.0 = Debug|Any CPU
		{480C6694-424D-4588-A0A5-62E856A87C77}.DebugLocal|x86.ActiveCfg = Debug|Any CPU
		{480C6694-424D-4588-A0A5-62E856A87C77}.DebugLocal|x86.Build.0 = Debug|Any CPU
		{480C6694-424D-4588-A0A5-62E856A87C77}.Preproduction|Any CPU.ActiveCfg = Debug|Any CPU
		{480C6694-424D-4588-A0A5-62E856A87C77}.Preproduction|Any CPU.Build.0 = Debug|Any CPU
		{480C6694-424D-4588-A0A5-62E856A87C77}.Preproduction|Mixed Platforms.ActiveCfg = Debug|Any CPU
		{480C6694-424D-4588-A0A5-62E856A87C77}.Preproduction|Mixed Platforms.Build.0 = Debug|Any CPU
		{480C6694-424D-4588-A0A5-62E856A87C77}.Preproduction|x86.ActiveCfg = Debug|Any CPU
		{480C6694-424D-4588-A0A5-62E856A87C77}.Preproduction|x86.Build.0 = Debug|Any CPU
		{480C6694-424D-4588-A0A5-62E856A87C77}.Release|Any CPU.ActiveCfg = Release|Any CPU
		{480C6694-424D-4588-A0A5-62E856A87C77}.Release|Any CPU.Build.0 = Release|Any CPU
		{480C6694-424D-4588-A0A5-62E856A87C77}.Release|Mixed Platforms.ActiveCfg = Release|Any CPU
		{480C6694-424D-4588-A0A5-62E856A87C77}.Release|Mixed Platforms.Build.0 = Release|Any CPU
		{480C6694-424D-4588-A0A5-62E856A87C77}.Release|x86.ActiveCfg = Release|Any CPU
		{480C6694-424D-4588-A0A5-62E856A87C77}.Release|x86.Build.0 = Release|Any CPU
		{502E0243-090C-42A9-B2D4-4CCC2BCAE8C5}.Debug|Any CPU.ActiveCfg = Debug|Any CPU
		{502E0243-090C-42A9-B2D4-4CCC2BCAE8C5}.Debug|Any CPU.Build.0 = Debug|Any CPU
		{502E0243-090C-42A9-B2D4-4CCC2BCAE8C5}.Debug|Mixed Platforms.ActiveCfg = Debug|Any CPU
		{502E0243-090C-42A9-B2D4-4CCC2BCAE8C5}.Debug|Mixed Platforms.Build.0 = Debug|Any CPU
		{502E0243-090C-42A9-B2D4-4CCC2BCAE8C5}.Debug|x86.ActiveCfg = Debug|Any CPU
		{502E0243-090C-42A9-B2D4-4CCC2BCAE8C5}.Debug|x86.Build.0 = Debug|Any CPU
		{502E0243-090C-42A9-B2D4-4CCC2BCAE8C5}.DebugLocal|Any CPU.ActiveCfg = Debug|Any CPU
		{502E0243-090C-42A9-B2D4-4CCC2BCAE8C5}.DebugLocal|Any CPU.Build.0 = Debug|Any CPU
		{502E0243-090C-42A9-B2D4-4CCC2BCAE8C5}.DebugLocal|Mixed Platforms.ActiveCfg = Debug|Any CPU
		{502E0243-090C-42A9-B2D4-4CCC2BCAE8C5}.DebugLocal|Mixed Platforms.Build.0 = Debug|Any CPU
		{502E0243-090C-42A9-B2D4-4CCC2BCAE8C5}.DebugLocal|x86.ActiveCfg = Debug|Any CPU
		{502E0243-090C-42A9-B2D4-4CCC2BCAE8C5}.DebugLocal|x86.Build.0 = Debug|Any CPU
		{502E0243-090C-42A9-B2D4-4CCC2BCAE8C5}.Preproduction|Any CPU.ActiveCfg = Debug|Any CPU
		{502E0243-090C-42A9-B2D4-4CCC2BCAE8C5}.Preproduction|Any CPU.Build.0 = Debug|Any CPU
		{502E0243-090C-42A9-B2D4-4CCC2BCAE8C5}.Preproduction|Mixed Platforms.ActiveCfg = Debug|Any CPU
		{502E0243-090C-42A9-B2D4-4CCC2BCAE8C5}.Preproduction|Mixed Platforms.Build.0 = Debug|Any CPU
		{502E0243-090C-42A9-B2D4-4CCC2BCAE8C5}.Preproduction|x86.ActiveCfg = Debug|Any CPU
		{502E0243-090C-42A9-B2D4-4CCC2BCAE8C5}.Preproduction|x86.Build.0 = Debug|Any CPU
		{502E0243-090C-42A9-B2D4-4CCC2BCAE8C5}.Release|Any CPU.ActiveCfg = Release|Any CPU
		{502E0243-090C-42A9-B2D4-4CCC2BCAE8C5}.Release|Any CPU.Build.0 = Release|Any CPU
		{502E0243-090C-42A9-B2D4-4CCC2BCAE8C5}.Release|Mixed Platforms.ActiveCfg = Release|Any CPU
		{502E0243-090C-42A9-B2D4-4CCC2BCAE8C5}.Release|Mixed Platforms.Build.0 = Release|Any CPU
		{502E0243-090C-42A9-B2D4-4CCC2BCAE8C5}.Release|x86.ActiveCfg = Release|Any CPU
		{502E0243-090C-42A9-B2D4-4CCC2BCAE8C5}.Release|x86.Build.0 = Release|Any CPU
	EndGlobalSection
	GlobalSection(SolutionProperties) = preSolution
		HideSolutionNode = FALSE
	EndGlobalSection
	GlobalSection(NestedProjects) = preSolution
		{68882349-6C7C-4837-AAD3-FFEFF2D2A654} = {1C33726C-D788-4D03-896B-6A3CA3092E41}
		{D069D6C2-82E4-4B8E-91D3-27A01C3C67A2} = {1C33726C-D788-4D03-896B-6A3CA3092E41}
		{D0FA5BEE-046A-4179-9C8A-6199007FFF2F} = {5A47E131-150F-44EC-A346-F1CFE1246A50}
		{6D3BB43B-5823-4EA8-BEF2-829988987167} = {59DC84DA-25C3-45E9-B270-F4B53F47688D}
		{E21DCCD1-566A-44B8-83A1-6853AC121DCE} = {59DC84DA-25C3-45E9-B270-F4B53F47688D}
		{7A0DCE7E-2736-471C-A8F3-9E9DCF3D6647} = {D0FA5BEE-046A-4179-9C8A-6199007FFF2F}
		{712940C8-6382-4ED9-BD3E-FF2A6CC30D08} = {D0FA5BEE-046A-4179-9C8A-6199007FFF2F}
		{47E8AB4C-2F6A-4410-9C90-802ED866193A} = {5A47E131-150F-44EC-A346-F1CFE1246A50}
		{ECD39D85-A45E-4F3F-8BF5-51AB8310ECF6} = {5A47E131-150F-44EC-A346-F1CFE1246A50}
		{84A4599E-0770-4883-9E01-B6B70058AC69} = {B6806399-E982-4725-91E7-0873B681BB52}
		{3EB0020B-1A63-4FBE-B78E-FE6765CCB3C3} = {D069D6C2-82E4-4B8E-91D3-27A01C3C67A2}
		{124D0ACE-7E32-4961-B553-43101B91A3EF} = {D069D6C2-82E4-4B8E-91D3-27A01C3C67A2}
		{146C03FA-E60B-467A-A743-599C47AF016B} = {B6806399-E982-4725-91E7-0873B681BB52}
		{EEF35A04-9A28-4F84-AD07-615F6741CBD3} = {B6806399-E982-4725-91E7-0873B681BB52}
		{9F6C4827-B44F-40C0-A9EC-2BB96F365FAA} = {9E976ED3-0984-4788-870B-9C615EFBBF5C}
		{9E976ED3-0984-4788-870B-9C615EFBBF5C} = {6139AAA1-710C-4B25-8E25-A09DAF760B75}
		{0BA71CD3-AB1C-4D04-8002-8AA44632E21E} = {6139AAA1-710C-4B25-8E25-A09DAF760B75}
		{53B38970-3BFA-47C2-8F3B-F917D57E7A67} = {0BA71CD3-AB1C-4D04-8002-8AA44632E21E}
		{7E3D86F8-2753-45A7-9716-8C7C8505B805} = {1C33726C-D788-4D03-896B-6A3CA3092E41}
		{480C6694-424D-4588-A0A5-62E856A87C77} = {7E3D86F8-2753-45A7-9716-8C7C8505B805}
		{B6806399-E982-4725-91E7-0873B681BB52} = {6139AAA1-710C-4B25-8E25-A09DAF760B75}
		{502E0243-090C-42A9-B2D4-4CCC2BCAE8C5} = {68882349-6C7C-4837-AAD3-FFEFF2D2A654}
	EndGlobalSection
	GlobalSection(ExtensibilityGlobals) = postSolution
		SolutionGuid = {10B8C8B0-F948-454C-9A5C-399AD803ADDE}
	EndGlobalSection
	GlobalSection(TestCaseManagementSettings) = postSolution
		CategoryFile = Udla.Framework.vsmdi
	EndGlobalSection
EndGlobal
